{
  "R": {
    "Version": "4.3.0",
    "Repositories": [
      {
        "Name": "ggseg",
        "URL": "https://ggseg.r-universe.dev"
      },
      {
        "Name": "lcbc",
        "URL": "https://lcbc-uio.r-universe.dev"
      },
      {
        "Name": "CRAN",
        "URL": "https://cloud.r-project.org"
      }
    ]
  },
  "Packages": {
    "renv": {
      "Package": "renv",
      "Version": "1.0.1",
      "Source": "Repository",
      "Repository": "CRAN",
      "Requirements": [
        "utils"
      ],
      "Hash": "6523639dd021b32c3199a41cbe6db340"
    }
  }
}
